
Microsoft Visual Studio Solution File, Format Version 12.00
# Visual Studio Version 17
VisualStudioVersion = 17.4.33122.133
MinimumVisualStudioVersion = 10.0.40219.1
Project("{FAE04EC0-301F-11D3-BF4B-00C04F79EFBC}") = "ImageDownsizer", "ImageDownsizer\ImageDownsizer.csproj", "{2B909E62-0069-41A6-A3AF-8295297B87EA}"
EndProject
Global
	GlobalSection(SolutionConfigurationPlatforms) = preSolution
		Debug|Any CPU = Debug|Any CPU
		Release|Any CPU = Release|Any CPU
	EndGlobalSection
	GlobalSection(ProjectConfigurationPlatforms) = postSolution
		{2B909E62-0069-41A6-A3AF-8295297B87EA}.Debug|Any CPU.ActiveCfg = Debug|Any CPU
		{2B909E62-0069-41A6-A3AF-8295297B87EA}.Debug|Any CPU.Build.0 = Debug|Any CPU
		{2B909E62-0069-41A6-A3AF-8295297B87EA}.Release|Any CPU.ActiveCfg = Release|Any CPU
		{2B909E62-0069-41A6-A3AF-8295297B87EA}.Release|Any CPU.Build.0 = Release|Any CPU
	EndGlobalSection
	GlobalSection(SolutionProperties) = preSolution
		HideSolutionNode = FALSE
	EndGlobalSection
	GlobalSection(ExtensibilityGlobals) = postSolution
		SolutionGuid = {BFCB443B-D19F-49A5-A00C-240B218208D0}
	EndGlobalSection
EndGlobal
